
Microsoft Visual Studio Solution File, Format Version 12.00
# Visual Studio 15
VisualStudioVersion = 15.0.26124.0
MinimumVisualStudioVersion = 15.0.26124.0
Project("{FAE04EC0-301F-11D3-BF4B-00C04F79EFBC}") = "ToHUI", "ToHUI\ToHUI.csproj", "{AACBA0D5-F1A4-42B6-BE38-8C09205ABBE7}"
EndProject
Project("{FAE04EC0-301F-11D3-BF4B-00C04F79EFBC}") = "ToHBL", "ToHBL\ToHBL.csproj", "{FEA62201-3158-4E7B-8519-796A49D9D6BD}"
EndProject
Project("{FAE04EC0-301F-11D3-BF4B-00C04F79EFBC}") = "ToHDL", "ToHDL\ToHDL.csproj", "{9E845E7E-FB5D-4825-873B-B319C20CC2E5}"
EndProject
Project("{FAE04EC0-301F-11D3-BF4B-00C04F79EFBC}") = "ToHModels", "ToHModels\ToHModels.csproj", "{BA9302A2-CFC4-499B-ACF8-005303558C27}"
EndProject
Project("{FAE04EC0-301F-11D3-BF4B-00C04F79EFBC}") = "ToHTests", "ToHTests\ToHTests.csproj", "{5676120A-D9BA-41E5-898B-EDED4E2C2A0A}"
EndProject
Global
	GlobalSection(SolutionConfigurationPlatforms) = preSolution
		Debug|Any CPU = Debug|Any CPU
		Debug|x64 = Debug|x64
		Debug|x86 = Debug|x86
		Release|Any CPU = Release|Any CPU
		Release|x64 = Release|x64
		Release|x86 = Release|x86
	EndGlobalSection
	GlobalSection(SolutionProperties) = preSolution
		HideSolutionNode = FALSE
	EndGlobalSection
	GlobalSection(ProjectConfigurationPlatforms) = postSolution
		{AACBA0D5-F1A4-42B6-BE38-8C09205ABBE7}.Debug|Any CPU.ActiveCfg = Debug|Any CPU
		{AACBA0D5-F1A4-42B6-BE38-8C09205ABBE7}.Debug|Any CPU.Build.0 = Debug|Any CPU
		{AACBA0D5-F1A4-42B6-BE38-8C09205ABBE7}.Debug|x64.ActiveCfg = Debug|Any CPU
		{AACBA0D5-F1A4-42B6-BE38-8C09205ABBE7}.Debug|x64.Build.0 = Debug|Any CPU
		{AACBA0D5-F1A4-42B6-BE38-8C09205ABBE7}.Debug|x86.ActiveCfg = Debug|Any CPU
		{AACBA0D5-F1A4-42B6-BE38-8C09205ABBE7}.Debug|x86.Build.0 = Debug|Any CPU
		{AACBA0D5-F1A4-42B6-BE38-8C09205ABBE7}.Release|Any CPU.ActiveCfg = Release|Any CPU
		{AACBA0D5-F1A4-42B6-BE38-8C09205ABBE7}.Release|Any CPU.Build.0 = Release|Any CPU
		{AACBA0D5-F1A4-42B6-BE38-8C09205ABBE7}.Release|x64.ActiveCfg = Release|Any CPU
		{AACBA0D5-F1A4-42B6-BE38-8C09205ABBE7}.Release|x64.Build.0 = Release|Any CPU
		{AACBA0D5-F1A4-42B6-BE38-8C09205ABBE7}.Release|x86.ActiveCfg = Release|Any CPU
		{AACBA0D5-F1A4-42B6-BE38-8C09205ABBE7}.Release|x86.Build.0 = Release|Any CPU
		{FEA62201-3158-4E7B-8519-796A49D9D6BD}.Debug|Any CPU.ActiveCfg = Debug|Any CPU
		{FEA62201-3158-4E7B-8519-796A49D9D6BD}.Debug|Any CPU.Build.0 = Debug|Any CPU
		{FEA62201-3158-4E7B-8519-796A49D9D6BD}.Debug|x64.ActiveCfg = Debug|Any CPU
		{FEA62201-3158-4E7B-8519-796A49D9D6BD}.Debug|x64.Build.0 = Debug|Any CPU
		{FEA62201-3158-4E7B-8519-796A49D9D6BD}.Debug|x86.ActiveCfg = Debug|Any CPU
		{FEA62201-3158-4E7B-8519-796A49D9D6BD}.Debug|x86.Build.0 = Debug|Any CPU
		{FEA62201-3158-4E7B-8519-796A49D9D6BD}.Release|Any CPU.ActiveCfg = Release|Any CPU
		{FEA62201-3158-4E7B-8519-796A49D9D6BD}.Release|Any CPU.Build.0 = Release|Any CPU
		{FEA62201-3158-4E7B-8519-796A49D9D6BD}.Release|x64.ActiveCfg = Release|Any CPU
		{FEA62201-3158-4E7B-8519-796A49D9D6BD}.Release|x64.Build.0 = Release|Any CPU
		{FEA62201-3158-4E7B-8519-796A49D9D6BD}.Release|x86.ActiveCfg = Release|Any CPU
		{FEA62201-3158-4E7B-8519-796A49D9D6BD}.Release|x86.Build.0 = Release|Any CPU
		{9E845E7E-FB5D-4825-873B-B319C20CC2E5}.Debug|Any CPU.ActiveCfg = Debug|Any CPU
		{9E845E7E-FB5D-4825-873B-B319C20CC2E5}.Debug|Any CPU.Build.0 = Debug|Any CPU
		{9E845E7E-FB5D-4825-873B-B319C20CC2E5}.Debug|x64.ActiveCfg = Debug|Any CPU
		{9E845E7E-FB5D-4825-873B-B319C20CC2E5}.Debug|x64.Build.0 = Debug|Any CPU
		{9E845E7E-FB5D-4825-873B-B319C20CC2E5}.Debug|x86.ActiveCfg = Debug|Any CPU
		{9E845E7E-FB5D-4825-873B-B319C20CC2E5}.Debug|x86.Build.0 = Debug|Any CPU
		{9E845E7E-FB5D-4825-873B-B319C20CC2E5}.Release|Any CPU.ActiveCfg = Release|Any CPU
		{9E845E7E-FB5D-4825-873B-B319C20CC2E5}.Release|Any CPU.Build.0 = Release|Any CPU
		{9E845E7E-FB5D-4825-873B-B319C20CC2E5}.Release|x64.ActiveCfg = Release|Any CPU
		{9E845E7E-FB5D-4825-873B-B319C20CC2E5}.Release|x64.Build.0 = Release|Any CPU
		{9E845E7E-FB5D-4825-873B-B319C20CC2E5}.Release|x86.ActiveCfg = Release|Any CPU
		{9E845E7E-FB5D-4825-873B-B319C20CC2E5}.Release|x86.Build.0 = Release|Any CPU
		{BA9302A2-CFC4-499B-ACF8-005303558C27}.Debug|Any CPU.ActiveCfg = Debug|Any CPU
		{BA9302A2-CFC4-499B-ACF8-005303558C27}.Debug|Any CPU.Build.0 = Debug|Any CPU
		{BA9302A2-CFC4-499B-ACF8-005303558C27}.Debug|x64.ActiveCfg = Debug|Any CPU
		{BA9302A2-CFC4-499B-ACF8-005303558C27}.Debug|x64.Build.0 = Debug|Any CPU
		{BA9302A2-CFC4-499B-ACF8-005303558C27}.Debug|x86.ActiveCfg = Debug|Any CPU
		{BA9302A2-CFC4-499B-ACF8-005303558C27}.Debug|x86.Build.0 = Debug|Any CPU
		{BA9302A2-CFC4-499B-ACF8-005303558C27}.Release|Any CPU.ActiveCfg = Release|Any CPU
		{BA9302A2-CFC4-499B-ACF8-005303558C27}.Release|Any CPU.Build.0 = Release|Any CPU
		{BA9302A2-CFC4-499B-ACF8-005303558C27}.Release|x64.ActiveCfg = Release|Any CPU
		{BA9302A2-CFC4-499B-ACF8-005303558C27}.Release|x64.Build.0 = Release|Any CPU
		{BA9302A2-CFC4-499B-ACF8-005303558C27}.Release|x86.ActiveCfg = Release|Any CPU
		{BA9302A2-CFC4-499B-ACF8-005303558C27}.Release|x86.Build.0 = Release|Any CPU
		{5676120A-D9BA-41E5-898B-EDED4E2C2A0A}.Debug|Any CPU.ActiveCfg = Debug|Any CPU
		{5676120A-D9BA-41E5-898B-EDED4E2C2A0A}.Debug|Any CPU.Build.0 = Debug|Any CPU
		{5676120A-D9BA-41E5-898B-EDED4E2C2A0A}.Debug|x64.ActiveCfg = Debug|Any CPU
		{5676120A-D9BA-41E5-898B-EDED4E2C2A0A}.Debug|x64.Build.0 = Debug|Any CPU
		{5676120A-D9BA-41E5-898B-EDED4E2C2A0A}.Debug|x86.ActiveCfg = Debug|Any CPU
		{5676120A-D9BA-41E5-898B-EDED4E2C2A0A}.Debug|x86.Build.0 = Debug|Any CPU
		{5676120A-D9BA-41E5-898B-EDED4E2C2A0A}.Release|Any CPU.ActiveCfg = Release|Any CPU
		{5676120A-D9BA-41E5-898B-EDED4E2C2A0A}.Release|Any CPU.Build.0 = Release|Any CPU
		{5676120A-D9BA-41E5-898B-EDED4E2C2A0A}.Release|x64.ActiveCfg = Release|Any CPU
		{5676120A-D9BA-41E5-898B-EDED4E2C2A0A}.Release|x64.Build.0 = Release|Any CPU
		{5676120A-D9BA-41E5-898B-EDED4E2C2A0A}.Release|x86.ActiveCfg = Release|Any CPU
		{5676120A-D9BA-41E5-898B-EDED4E2C2A0A}.Release|x86.Build.0 = Release|Any CPU
	EndGlobalSection
EndGlobal
